
Microsoft Visual Studio Solution File, Format Version 12.00
# Visual Studio Version 17
VisualStudioVersion = 17.11.35327.3
MinimumVisualStudioVersion = 10.0.40219.1
Project("{FAE04EC0-301F-11D3-BF4B-00C04F79EFBC}") = "CSProjeDemo1", "CSProjeDemo1\CSProjeDemo1.csproj", "{067FA450-227D-4294-9800-01E151E824D3}"
EndProject
Global
	GlobalSection(SolutionConfigurationPlatforms) = preSolution
		Debug|Any CPU = Debug|Any CPU
		Release|Any CPU = Release|Any CPU
	EndGlobalSection
	GlobalSection(ProjectConfigurationPlatforms) = postSolution
		{067FA450-227D-4294-9800-01E151E824D3}.Debug|Any CPU.ActiveCfg = Debug|Any CPU
		{067FA450-227D-4294-9800-01E151E824D3}.Debug|Any CPU.Build.0 = Debug|Any CPU
		{067FA450-227D-4294-9800-01E151E824D3}.Release|Any CPU.ActiveCfg = Release|Any CPU
		{067FA450-227D-4294-9800-01E151E824D3}.Release|Any CPU.Build.0 = Release|Any CPU
	EndGlobalSection
	GlobalSection(SolutionProperties) = preSolution
		HideSolutionNode = FALSE
	EndGlobalSection
	GlobalSection(ExtensibilityGlobals) = postSolution
		SolutionGuid = {774C60DE-542F-412F-9DEA-7C179C230C05}
	EndGlobalSection
EndGlobal
